
Microsoft Visual Studio Solution File, Format Version 12.00
# Visual Studio 15
VisualStudioVersion = 15.0.28307.329
MinimumVisualStudioVersion = 10.0.40219.1
Project("{FAE04EC0-301F-11D3-BF4B-00C04F79EFBC}") = "RaportetMjedisore", "RaportetMjedisore\RaportetMjedisore.csproj", "{12E6F48C-A743-47CB-B99F-6CE245378EBC}"
EndProject
Global
	GlobalSection(SolutionConfigurationPlatforms) = preSolution
		Debug|Any CPU = Debug|Any CPU
		Release|Any CPU = Release|Any CPU
	EndGlobalSection
	GlobalSection(ProjectConfigurationPlatforms) = postSolution
		{12E6F48C-A743-47CB-B99F-6CE245378EBC}.Debug|Any CPU.ActiveCfg = Debug|Any CPU
		{12E6F48C-A743-47CB-B99F-6CE245378EBC}.Debug|Any CPU.Build.0 = Debug|Any CPU
		{12E6F48C-A743-47CB-B99F-6CE245378EBC}.Release|Any CPU.ActiveCfg = Release|Any CPU
		{12E6F48C-A743-47CB-B99F-6CE245378EBC}.Release|Any CPU.Build.0 = Release|Any CPU
	EndGlobalSection
	GlobalSection(SolutionProperties) = preSolution
		HideSolutionNode = FALSE
	EndGlobalSection
	GlobalSection(ExtensibilityGlobals) = postSolution
		SolutionGuid = {40C6AE05-0228-412D-AD95-358D77476A7A}
	EndGlobalSection
EndGlobal
